// !$*UTF8*$!
{
	archiveVersion = 1;
	classes = {
	};
	objectVersion = 56;
	objects = {

/* Begin PBXBuildFile section */
		EDBA47C42AED3D2A00B13FA2 /* BabyFoodCareApp.swift in Sources */ = {isa = PBXBuildFile; fileRef = EDBA47C32AED3D2A00B13FA2 /* BabyFoodCareApp.swift */; };
		EDBA47C62AED3D2A00B13FA2 /* BabyFoodCareTabView.swift in Sources */ = {isa = PBXBuildFile; fileRef = EDBA47C52AED3D2A00B13FA2 /* BabyFoodCareTabView.swift */; };
		EDBA47C82AED3D2C00B13FA2 /* Assets.xcassets in Resources */ = {isa = PBXBuildFile; fileRef = EDBA47C72AED3D2C00B13FA2 /* Assets.xcassets */; };
		EDBA47CB2AED3D2C00B13FA2 /* Preview Assets.xcassets in Resources */ = {isa = PBXBuildFile; fileRef = EDBA47CA2AED3D2C00B13FA2 /* Preview Assets.xcassets */; };
		EDBA47D52AED3D2D00B13FA2 /* BabyFoodCareTests.swift in Sources */ = {isa = PBXBuildFile; fileRef = EDBA47D42AED3D2D00B13FA2 /* BabyFoodCareTests.swift */; };
		EDBA47DF2AED3D2D00B13FA2 /* BabyFoodCareUITests.swift in Sources */ = {isa = PBXBuildFile; fileRef = EDBA47DE2AED3D2D00B13FA2 /* BabyFoodCareUITests.swift */; };
		EDBA47E12AED3D2D00B13FA2 /* BabyFoodCareUITestsLaunchTests.swift in Sources */ = {isa = PBXBuildFile; fileRef = EDBA47E02AED3D2D00B13FA2 /* BabyFoodCareUITestsLaunchTests.swift */; };
		EDBA47EE2AED412000B13FA2 /* BabyFoodCareListView.swift in Sources */ = {isa = PBXBuildFile; fileRef = EDBA47ED2AED412000B13FA2 /* BabyFoodCareListView.swift */; };
		EDBA47F02AED413F00B13FA2 /* AccountView.swift in Sources */ = {isa = PBXBuildFile; fileRef = EDBA47EF2AED413F00B13FA2 /* AccountView.swift */; };
		EDBA47F22AED419E00B13FA2 /* FavouriteView.swift in Sources */ = {isa = PBXBuildFile; fileRef = EDBA47F12AED419E00B13FA2 /* FavouriteView.swift */; };
		EDBA47F42AED68E200B13FA2 /* BabyFoodCareModel.swift in Sources */ = {isa = PBXBuildFile; fileRef = EDBA47F32AED68E200B13FA2 /* BabyFoodCareModel.swift */; };
		EDBA47F62AED758D00B13FA2 /* BabyFoodCareListCell.swift in Sources */ = {isa = PBXBuildFile; fileRef = EDBA47F52AED758D00B13FA2 /* BabyFoodCareListCell.swift */; };
		EDBA47FC2AEDA02500B13FA2 /* BabyFoodCareListViewModel.swift in Sources */ = {isa = PBXBuildFile; fileRef = EDBA47FB2AEDA02500B13FA2 /* BabyFoodCareListViewModel.swift */; };
		EDD143532AF8190C009D882F /* NetworkManager.swift in Sources */ = {isa = PBXBuildFile; fileRef = EDD143522AF8190C009D882F /* NetworkManager.swift */; };
		EDD143552AF819DC009D882F /* BabyFoodCareDataService.swift in Sources */ = {isa = PBXBuildFile; fileRef = EDD143542AF819DC009D882F /* BabyFoodCareDataService.swift */; };
		EDD143592AF8C857009D882F /* BabyFoodCareImageView.swift in Sources */ = {isa = PBXBuildFile; fileRef = EDD143582AF8C857009D882F /* BabyFoodCareImageView.swift */; };
		EDD1435B2AF8C980009D882F /* BabyFoodCareImageViewModel.swift in Sources */ = {isa = PBXBuildFile; fileRef = EDD1435A2AF8C980009D882F /* BabyFoodCareImageViewModel.swift */; };
		EDD1435D2AF8CA19009D882F /* BabyFoodCareImageServise.swift in Sources */ = {isa = PBXBuildFile; fileRef = EDD1435C2AF8CA19009D882F /* BabyFoodCareImageServise.swift */; };
		EDD1435F2AF8EEBC009D882F /* LocalFileManager.swift in Sources */ = {isa = PBXBuildFile; fileRef = EDD1435E2AF8EEBC009D882F /* LocalFileManager.swift */; };
		EDF9CA522B010D40003C9F25 /* DetaiBabyFoodCarelView.swift in Sources */ = {isa = PBXBuildFile; fileRef = EDF9CA512B010D40003C9F25 /* DetaiBabyFoodCarelView.swift */; };
/* End PBXBuildFile section */

/* Begin PBXContainerItemProxy section */
		EDBA47D12AED3D2D00B13FA2 /* PBXContainerItemProxy */ = {
			isa = PBXContainerItemProxy;
			containerPortal = EDBA47B82AED3D2A00B13FA2 /* Project object */;
			proxyType = 1;
			remoteGlobalIDString = EDBA47BF2AED3D2A00B13FA2;
			remoteInfo = BabyFoodCare;
		};
		EDBA47DB2AED3D2D00B13FA2 /* PBXContainerItemProxy */ = {
			isa = PBXContainerItemProxy;
			containerPortal = EDBA47B82AED3D2A00B13FA2 /* Project object */;
			proxyType = 1;
			remoteGlobalIDString = EDBA47BF2AED3D2A00B13FA2;
			remoteInfo = BabyFoodCare;
		};
/* End PBXContainerItemProxy section */

/* Begin PBXFileReference section */
		EDBA47C02AED3D2A00B13FA2 /* BabyFoodCare.app */ = {isa = PBXFileReference; explicitFileType = wrapper.application; includeInIndex = 0; path = BabyFoodCare.app; sourceTree = BUILT_PRODUCTS_DIR; };
		EDBA47C32AED3D2A00B13FA2 /* BabyFoodCareApp.swift */ = {isa = PBXFileReference; lastKnownFileType = sourcecode.swift; path = BabyFoodCareApp.swift; sourceTree = "<group>"; };
		EDBA47C52AED3D2A00B13FA2 /* BabyFoodCareTabView.swift */ = {isa = PBXFileReference; lastKnownFileType = sourcecode.swift; path = BabyFoodCareTabView.swift; sourceTree = "<group>"; };
		EDBA47C72AED3D2C00B13FA2 /* Assets.xcassets */ = {isa = PBXFileReference; lastKnownFileType = folder.assetcatalog; path = Assets.xcassets; sourceTree = "<group>"; };
		EDBA47CA2AED3D2C00B13FA2 /* Preview Assets.xcassets */ = {isa = PBXFileReference; lastKnownFileType = folder.assetcatalog; path = "Preview Assets.xcassets"; sourceTree = "<group>"; };
		EDBA47D02AED3D2D00B13FA2 /* BabyFoodCareTests.xctest */ = {isa = PBXFileReference; explicitFileType = wrapper.cfbundle; includeInIndex = 0; path = BabyFoodCareTests.xctest; sourceTree = BUILT_PRODUCTS_DIR; };
		EDBA47D42AED3D2D00B13FA2 /* BabyFoodCareTests.swift */ = {isa = PBXFileReference; lastKnownFileType = sourcecode.swift; path = BabyFoodCareTests.swift; sourceTree = "<group>"; };
		EDBA47DA2AED3D2D00B13FA2 /* BabyFoodCareUITests.xctest */ = {isa = PBXFileReference; explicitFileType = wrapper.cfbundle; includeInIndex = 0; path = BabyFoodCareUITests.xctest; sourceTree = BUILT_PRODUCTS_DIR; };
		EDBA47DE2AED3D2D00B13FA2 /* BabyFoodCareUITests.swift */ = {isa = PBXFileReference; lastKnownFileType = sourcecode.swift; path = BabyFoodCareUITests.swift; sourceTree = "<group>"; };
		EDBA47E02AED3D2D00B13FA2 /* BabyFoodCareUITestsLaunchTests.swift */ = {isa = PBXFileReference; lastKnownFileType = sourcecode.swift; path = BabyFoodCareUITestsLaunchTests.swift; sourceTree = "<group>"; };
		EDBA47ED2AED412000B13FA2 /* BabyFoodCareListView.swift */ = {isa = PBXFileReference; lastKnownFileType = sourcecode.swift; path = BabyFoodCareListView.swift; sourceTree = "<group>"; };
		EDBA47EF2AED413F00B13FA2 /* AccountView.swift */ = {isa = PBXFileReference; lastKnownFileType = sourcecode.swift; path = AccountView.swift; sourceTree = "<group>"; };
		EDBA47F12AED419E00B13FA2 /* FavouriteView.swift */ = {isa = PBXFileReference; lastKnownFileType = sourcecode.swift; path = FavouriteView.swift; sourceTree = "<group>"; };
		EDBA47F32AED68E200B13FA2 /* BabyFoodCareModel.swift */ = {isa = PBXFileReference; lastKnownFileType = sourcecode.swift; path = BabyFoodCareModel.swift; sourceTree = "<group>"; };
		EDBA47F52AED758D00B13FA2 /* BabyFoodCareListCell.swift */ = {isa = PBXFileReference; lastKnownFileType = sourcecode.swift; path = BabyFoodCareListCell.swift; sourceTree = "<group>"; };
		EDBA47FB2AEDA02500B13FA2 /* BabyFoodCareListViewModel.swift */ = {isa = PBXFileReference; lastKnownFileType = sourcecode.swift; path = BabyFoodCareListViewModel.swift; sourceTree = "<group>"; };
		EDD143522AF8190C009D882F /* NetworkManager.swift */ = {isa = PBXFileReference; lastKnownFileType = sourcecode.swift; path = NetworkManager.swift; sourceTree = "<group>"; };
		EDD143542AF819DC009D882F /* BabyFoodCareDataService.swift */ = {isa = PBXFileReference; lastKnownFileType = sourcecode.swift; path = BabyFoodCareDataService.swift; sourceTree = "<group>"; };
		EDD143582AF8C857009D882F /* BabyFoodCareImageView.swift */ = {isa = PBXFileReference; lastKnownFileType = sourcecode.swift; path = BabyFoodCareImageView.swift; sourceTree = "<group>"; };
		EDD1435A2AF8C980009D882F /* BabyFoodCareImageViewModel.swift */ = {isa = PBXFileReference; lastKnownFileType = sourcecode.swift; path = BabyFoodCareImageViewModel.swift; sourceTree = "<group>"; };
		EDD1435C2AF8CA19009D882F /* BabyFoodCareImageServise.swift */ = {isa = PBXFileReference; lastKnownFileType = sourcecode.swift; path = BabyFoodCareImageServise.swift; sourceTree = "<group>"; };
		EDD1435E2AF8EEBC009D882F /* LocalFileManager.swift */ = {isa = PBXFileReference; lastKnownFileType = sourcecode.swift; path = LocalFileManager.swift; sourceTree = "<group>"; };
		EDF9CA512B010D40003C9F25 /* DetaiBabyFoodCarelView.swift */ = {isa = PBXFileReference; lastKnownFileType = sourcecode.swift; path = DetaiBabyFoodCarelView.swift; sourceTree = "<group>"; };
/* End PBXFileReference section */

/* Begin PBXFrameworksBuildPhase section */
		EDBA47BD2AED3D2A00B13FA2 /* Frameworks */ = {
			isa = PBXFrameworksBuildPhase;
			buildActionMask = 2147483647;
			files = (
			);
			runOnlyForDeploymentPostprocessing = 0;
		};
		EDBA47CD2AED3D2D00B13FA2 /* Frameworks */ = {
			isa = PBXFrameworksBuildPhase;
			buildActionMask = 2147483647;
			files = (
			);
			runOnlyForDeploymentPostprocessing = 0;
		};
		EDBA47D72AED3D2D00B13FA2 /* Frameworks */ = {
			isa = PBXFrameworksBuildPhase;
			buildActionMask = 2147483647;
			files = (
			);
			runOnlyForDeploymentPostprocessing = 0;
		};
/* End PBXFrameworksBuildPhase section */

/* Begin PBXGroup section */
		EDBA47B72AED3D2A00B13FA2 = {
			isa = PBXGroup;
			children = (
				EDBA47C22AED3D2A00B13FA2 /* BabyFoodCare */,
				EDBA47D32AED3D2D00B13FA2 /* BabyFoodCareTests */,
				EDBA47DD2AED3D2D00B13FA2 /* BabyFoodCareUITests */,
				EDBA47C12AED3D2A00B13FA2 /* Products */,
			);
			sourceTree = "<group>";
		};
		EDBA47C12AED3D2A00B13FA2 /* Products */ = {
			isa = PBXGroup;
			children = (
				EDBA47C02AED3D2A00B13FA2 /* BabyFoodCare.app */,
				EDBA47D02AED3D2D00B13FA2 /* BabyFoodCareTests.xctest */,
				EDBA47DA2AED3D2D00B13FA2 /* BabyFoodCareUITests.xctest */,
			);
			name = Products;
			sourceTree = "<group>";
		};
		EDBA47C22AED3D2A00B13FA2 /* BabyFoodCare */ = {
			isa = PBXGroup;
			children = (
				EDBA47C32AED3D2A00B13FA2 /* BabyFoodCareApp.swift */,
				EDD1434F2AF8143F009D882F /* Utilites */,
				EDD143512AF814DC009D882F /* Extensions */,
				EDD1434E2AF81424009D882F /* Services */,
				EDD143502AF814A2009D882F /* Models */,
				EDD143492AF811FD009D882F /* Core */,
				EDBA47C72AED3D2C00B13FA2 /* Assets.xcassets */,
				EDBA47C92AED3D2C00B13FA2 /* Preview Content */,
			);
			path = BabyFoodCare;
			sourceTree = "<group>";
		};
		EDBA47C92AED3D2C00B13FA2 /* Preview Content */ = {
			isa = PBXGroup;
			children = (
				EDBA47CA2AED3D2C00B13FA2 /* Preview Assets.xcassets */,
			);
			path = "Preview Content";
			sourceTree = "<group>";
		};
		EDBA47D32AED3D2D00B13FA2 /* BabyFoodCareTests */ = {
			isa = PBXGroup;
			children = (
				EDBA47D42AED3D2D00B13FA2 /* BabyFoodCareTests.swift */,
			);
			path = BabyFoodCareTests;
			sourceTree = "<group>";
		};
		EDBA47DD2AED3D2D00B13FA2 /* BabyFoodCareUITests */ = {
			isa = PBXGroup;
			children = (
				EDBA47DE2AED3D2D00B13FA2 /* BabyFoodCareUITests.swift */,
				EDBA47E02AED3D2D00B13FA2 /* BabyFoodCareUITestsLaunchTests.swift */,
			);
			path = BabyFoodCareUITests;
			sourceTree = "<group>";
		};
		EDD143482AF8105E009D882F /* Views */ = {
			isa = PBXGroup;
			children = (
				EDBA47ED2AED412000B13FA2 /* BabyFoodCareListView.swift */,
				EDF9CA512B010D40003C9F25 /* DetaiBabyFoodCarelView.swift */,
				EDBA47F52AED758D00B13FA2 /* BabyFoodCareListCell.swift */,
				EDBA47C52AED3D2A00B13FA2 /* BabyFoodCareTabView.swift */,
			);
			path = Views;
			sourceTree = "<group>";
		};
		EDD143492AF811FD009D882F /* Core */ = {
			isa = PBXGroup;
			children = (
				EDD143562AF8C7EA009D882F /* Components */,
				EDD1434A2AF8122D009D882F /* Home */,
				EDD1434D2AF813DD009D882F /* Account */,
				EDD1434C2AF813C9009D882F /* Favourite */,
			);
			path = Core;
			sourceTree = "<group>";
		};
		EDD1434A2AF8122D009D882F /* Home */ = {
			isa = PBXGroup;
			children = (
				EDD1434B2AF8124C009D882F /* ViewModels */,
				EDD143482AF8105E009D882F /* Views */,
			);
			path = Home;
			sourceTree = "<group>";
		};
		EDD1434B2AF8124C009D882F /* ViewModels */ = {
			isa = PBXGroup;
			children = (
				EDBA47FB2AEDA02500B13FA2 /* BabyFoodCareListViewModel.swift */,
			);
			path = ViewModels;
			sourceTree = "<group>";
		};
		EDD1434C2AF813C9009D882F /* Favourite */ = {
			isa = PBXGroup;
			children = (
				EDBA47F12AED419E00B13FA2 /* FavouriteView.swift */,
			);
			path = Favourite;
			sourceTree = "<group>";
		};
		EDD1434D2AF813DD009D882F /* Account */ = {
			isa = PBXGroup;
			children = (
				EDBA47EF2AED413F00B13FA2 /* AccountView.swift */,
			);
			path = Account;
			sourceTree = "<group>";
		};
		EDD1434E2AF81424009D882F /* Services */ = {
			isa = PBXGroup;
			children = (
				EDD143542AF819DC009D882F /* BabyFoodCareDataService.swift */,
				EDD1435C2AF8CA19009D882F /* BabyFoodCareImageServise.swift */,
			);
			path = Services;
			sourceTree = "<group>";
		};
		EDD1434F2AF8143F009D882F /* Utilites */ = {
			isa = PBXGroup;
			children = (
				EDD143522AF8190C009D882F /* NetworkManager.swift */,
				EDD1435E2AF8EEBC009D882F /* LocalFileManager.swift */,
			);
			path = Utilites;
			sourceTree = "<group>";
		};
		EDD143502AF814A2009D882F /* Models */ = {
			isa = PBXGroup;
			children = (
				EDBA47F32AED68E200B13FA2 /* BabyFoodCareModel.swift */,
			);
			path = Models;
			sourceTree = "<group>";
		};
		EDD143512AF814DC009D882F /* Extensions */ = {
			isa = PBXGroup;
			children = (
			);
			path = Extensions;
			sourceTree = "<group>";
		};
		EDD143562AF8C7EA009D882F /* Components */ = {
			isa = PBXGroup;
			children = (
				EDD143572AF8C80B009D882F /* BabyFoodCareImage */,
			);
			path = Components;
			sourceTree = "<group>";
		};
		EDD143572AF8C80B009D882F /* BabyFoodCareImage */ = {
			isa = PBXGroup;
			children = (
				EDD143582AF8C857009D882F /* BabyFoodCareImageView.swift */,
				EDD1435A2AF8C980009D882F /* BabyFoodCareImageViewModel.swift */,
			);
			path = BabyFoodCareImage;
			sourceTree = "<group>";
		};
/* End PBXGroup section */

/* Begin PBXNativeTarget section */
		EDBA47BF2AED3D2A00B13FA2 /* BabyFoodCare */ = {
			isa = PBXNativeTarget;
			buildConfigurationList = EDBA47E42AED3D2D00B13FA2 /* Build configuration list for PBXNativeTarget "BabyFoodCare" */;
			buildPhases = (
				EDBA47BC2AED3D2A00B13FA2 /* Sources */,
				EDBA47BD2AED3D2A00B13FA2 /* Frameworks */,
				EDBA47BE2AED3D2A00B13FA2 /* Resources */,
			);
			buildRules = (
			);
			dependencies = (
			);
			name = BabyFoodCare;
			productName = BabyFoodCare;
			productReference = EDBA47C02AED3D2A00B13FA2 /* BabyFoodCare.app */;
			productType = "com.apple.product-type.application";
		};
		EDBA47CF2AED3D2D00B13FA2 /* BabyFoodCareTests */ = {
			isa = PBXNativeTarget;
			buildConfigurationList = EDBA47E72AED3D2D00B13FA2 /* Build configuration list for PBXNativeTarget "BabyFoodCareTests" */;
			buildPhases = (
				EDBA47CC2AED3D2D00B13FA2 /* Sources */,
				EDBA47CD2AED3D2D00B13FA2 /* Frameworks */,
				EDBA47CE2AED3D2D00B13FA2 /* Resources */,
			);
			buildRules = (
			);
			dependencies = (
				EDBA47D22AED3D2D00B13FA2 /* PBXTargetDependency */,
			);
			name = BabyFoodCareTests;
			productName = BabyFoodCareTests;
			productReference = EDBA47D02AED3D2D00B13FA2 /* BabyFoodCareTests.xctest */;
			productType = "com.apple.product-type.bundle.unit-test";
		};
		EDBA47D92AED3D2D00B13FA2 /* BabyFoodCareUITests */ = {
			isa = PBXNativeTarget;
			buildConfigurationList = EDBA47EA2AED3D2D00B13FA2 /* Build configuration list for PBXNativeTarget "BabyFoodCareUITests" */;
			buildPhases = (
				EDBA47D62AED3D2D00B13FA2 /* Sources */,
				EDBA47D72AED3D2D00B13FA2 /* Frameworks */,
				EDBA47D82AED3D2D00B13FA2 /* Resources */,
			);
			buildRules = (
			);
			dependencies = (
				EDBA47DC2AED3D2D00B13FA2 /* PBXTargetDependency */,
			);
			name = BabyFoodCareUITests;
			productName = BabyFoodCareUITests;
			productReference = EDBA47DA2AED3D2D00B13FA2 /* BabyFoodCareUITests.xctest */;
			productType = "com.apple.product-type.bundle.ui-testing";
		};
/* End PBXNativeTarget section */

/* Begin PBXProject section */
		EDBA47B82AED3D2A00B13FA2 /* Project object */ = {
			isa = PBXProject;
			attributes = {
				BuildIndependentTargetsInParallel = 1;
				LastSwiftUpdateCheck = 1500;
				LastUpgradeCheck = 1500;
				TargetAttributes = {
					EDBA47BF2AED3D2A00B13FA2 = {
						CreatedOnToolsVersion = 15.0;
					};
					EDBA47CF2AED3D2D00B13FA2 = {
						CreatedOnToolsVersion = 15.0;
						TestTargetID = EDBA47BF2AED3D2A00B13FA2;
					};
					EDBA47D92AED3D2D00B13FA2 = {
						CreatedOnToolsVersion = 15.0;
						TestTargetID = EDBA47BF2AED3D2A00B13FA2;
					};
				};
			};
			buildConfigurationList = EDBA47BB2AED3D2A00B13FA2 /* Build configuration list for PBXProject "BabyFoodCare" */;
			compatibilityVersion = "Xcode 14.0";
			developmentRegion = en;
			hasScannedForEncodings = 0;
			knownRegions = (
				en,
				Base,
			);
			mainGroup = EDBA47B72AED3D2A00B13FA2;
			productRefGroup = EDBA47C12AED3D2A00B13FA2 /* Products */;
			projectDirPath = "";
			projectRoot = "";
			targets = (
				EDBA47BF2AED3D2A00B13FA2 /* BabyFoodCare */,
				EDBA47CF2AED3D2D00B13FA2 /* BabyFoodCareTests */,
				EDBA47D92AED3D2D00B13FA2 /* BabyFoodCareUITests */,
			);
		};
/* End PBXProject section */

/* Begin PBXResourcesBuildPhase section */
		EDBA47BE2AED3D2A00B13FA2 /* Resources */ = {
			isa = PBXResourcesBuildPhase;
			buildActionMask = 2147483647;
			files = (
				EDBA47CB2AED3D2C00B13FA2 /* Preview Assets.xcassets in Resources */,
				EDBA47C82AED3D2C00B13FA2 /* Assets.xcassets in Resources */,
			);
			runOnlyForDeploymentPostprocessing = 0;
		};
		EDBA47CE2AED3D2D00B13FA2 /* Resources */ = {
			isa = PBXResourcesBuildPhase;
			buildActionMask = 2147483647;
			files = (
			);
			runOnlyForDeploymentPostprocessing = 0;
		};
		EDBA47D82AED3D2D00B13FA2 /* Resources */ = {
			isa = PBXResourcesBuildPhase;
			buildActionMask = 2147483647;
			files = (
			);
			runOnlyForDeploymentPostprocessing = 0;
		};
/* End PBXResourcesBuildPhase section */

/* Begin PBXSourcesBuildPhase section */
		EDBA47BC2AED3D2A00B13FA2 /* Sources */ = {
			isa = PBXSourcesBuildPhase;
			buildActionMask = 2147483647;
			files = (
				EDF9CA522B010D40003C9F25 /* DetaiBabyFoodCarelView.swift in Sources */,
				EDD1435D2AF8CA19009D882F /* BabyFoodCareImageServise.swift in Sources */,
				EDBA47F02AED413F00B13FA2 /* AccountView.swift in Sources */,
				EDD1435F2AF8EEBC009D882F /* LocalFileManager.swift in Sources */,
				EDBA47EE2AED412000B13FA2 /* BabyFoodCareListView.swift in Sources */,
				EDD143552AF819DC009D882F /* BabyFoodCareDataService.swift in Sources */,
				EDD1435B2AF8C980009D882F /* BabyFoodCareImageViewModel.swift in Sources */,
				EDBA47C62AED3D2A00B13FA2 /* BabyFoodCareTabView.swift in Sources */,
				EDD143592AF8C857009D882F /* BabyFoodCareImageView.swift in Sources */,
				EDD143532AF8190C009D882F /* NetworkManager.swift in Sources */,
				EDBA47C42AED3D2A00B13FA2 /* BabyFoodCareApp.swift in Sources */,
				EDBA47F62AED758D00B13FA2 /* BabyFoodCareListCell.swift in Sources */,
				EDBA47FC2AEDA02500B13FA2 /* BabyFoodCareListViewModel.swift in Sources */,
				EDBA47F42AED68E200B13FA2 /* BabyFoodCareModel.swift in Sources */,
				EDBA47F22AED419E00B13FA2 /* FavouriteView.swift in Sources */,
			);
			runOnlyForDeploymentPostprocessing = 0;
		};
		EDBA47CC2AED3D2D00B13FA2 /* Sources */ = {
			isa = PBXSourcesBuildPhase;
			buildActionMask = 2147483647;
			files = (
				EDBA47D52AED3D2D00B13FA2 /* BabyFoodCareTests.swift in Sources */,
			);
			runOnlyForDeploymentPostprocessing = 0;
		};
		EDBA47D62AED3D2D00B13FA2 /* Sources */ = {
			isa = PBXSourcesBuildPhase;
			buildActionMask = 2147483647;
			files = (
				EDBA47DF2AED3D2D00B13FA2 /* BabyFoodCareUITests.swift in Sources */,
				EDBA47E12AED3D2D00B13FA2 /* BabyFoodCareUITestsLaunchTests.swift in Sources */,
			);
			runOnlyForDeploymentPostprocessing = 0;
		};
/* End PBXSourcesBuildPhase section */

/* Begin PBXTargetDependency section */
		EDBA47D22AED3D2D00B13FA2 /* PBXTargetDependency */ = {
			isa = PBXTargetDependency;
			target = EDBA47BF2AED3D2A00B13FA2 /* BabyFoodCare */;
			targetProxy = EDBA47D12AED3D2D00B13FA2 /* PBXContainerItemProxy */;
		};
		EDBA47DC2AED3D2D00B13FA2 /* PBXTargetDependency */ = {
			isa = PBXTargetDependency;
			target = EDBA47BF2AED3D2A00B13FA2 /* BabyFoodCare */;
			targetProxy = EDBA47DB2AED3D2D00B13FA2 /* PBXContainerItemProxy */;
		};
/* End PBXTargetDependency section */

/* Begin XCBuildConfiguration section */
		EDBA47E22AED3D2D00B13FA2 /* Debug */ = {
			isa = XCBuildConfiguration;
			buildSettings = {
				ALWAYS_SEARCH_USER_PATHS = NO;
				ASSETCATALOG_COMPILER_GENERATE_SWIFT_ASSET_SYMBOL_EXTENSIONS = YES;
				CLANG_ANALYZER_NONNULL = YES;
				CLANG_ANALYZER_NUMBER_OBJECT_CONVERSION = YES_AGGRESSIVE;
				CLANG_CXX_LANGUAGE_STANDARD = "gnu++20";
				CLANG_ENABLE_MODULES = YES;
				CLANG_ENABLE_OBJC_ARC = YES;
				CLANG_ENABLE_OBJC_WEAK = YES;
				CLANG_WARN_BLOCK_CAPTURE_AUTORELEASING = YES;
				CLANG_WARN_BOOL_CONVERSION = YES;
				CLANG_WARN_COMMA = YES;
				CLANG_WARN_CONSTANT_CONVERSION = YES;
				CLANG_WARN_DEPRECATED_OBJC_IMPLEMENTATIONS = YES;
				CLANG_WARN_DIRECT_OBJC_ISA_USAGE = YES_ERROR;
				CLANG_WARN_DOCUMENTATION_COMMENTS = YES;
				CLANG_WARN_EMPTY_BODY = YES;
				CLANG_WARN_ENUM_CONVERSION = YES;
				CLANG_WARN_INFINITE_RECURSION = YES;
				CLANG_WARN_INT_CONVERSION = YES;
				CLANG_WARN_NON_LITERAL_NULL_CONVERSION = YES;
				CLANG_WARN_OBJC_IMPLICIT_RETAIN_SELF = YES;
				CLANG_WARN_OBJC_LITERAL_CONVERSION = YES;
				CLANG_WARN_OBJC_ROOT_CLASS = YES_ERROR;
				CLANG_WARN_QUOTED_INCLUDE_IN_FRAMEWORK_HEADER = YES;
				CLANG_WARN_RANGE_LOOP_ANALYSIS = YES;
				CLANG_WARN_STRICT_PROTOTYPES = YES;
				CLANG_WARN_SUSPICIOUS_MOVE = YES;
				CLANG_WARN_UNGUARDED_AVAILABILITY = YES_AGGRESSIVE;
				CLANG_WARN_UNREACHABLE_CODE = YES;
				CLANG_WARN__DUPLICATE_METHOD_MATCH = YES;
				COPY_PHASE_STRIP = NO;
				DEBUG_INFORMATION_FORMAT = dwarf;
				ENABLE_STRICT_OBJC_MSGSEND = YES;
				ENABLE_TESTABILITY = YES;
				ENABLE_USER_SCRIPT_SANDBOXING = YES;
				GCC_C_LANGUAGE_STANDARD = gnu17;
				GCC_DYNAMIC_NO_PIC = NO;
				GCC_NO_COMMON_BLOCKS = YES;
				GCC_OPTIMIZATION_LEVEL = 0;
				GCC_PREPROCESSOR_DEFINITIONS = (
					"DEBUG=1",
					"$(inherited)",
				);
				GCC_WARN_64_TO_32_BIT_CONVERSION = YES;
				GCC_WARN_ABOUT_RETURN_TYPE = YES_ERROR;
				GCC_WARN_UNDECLARED_SELECTOR = YES;
				GCC_WARN_UNINITIALIZED_AUTOS = YES_AGGRESSIVE;
				GCC_WARN_UNUSED_FUNCTION = YES;
				GCC_WARN_UNUSED_VARIABLE = YES;
				IPHONEOS_DEPLOYMENT_TARGET = 17.0;
				LOCALIZATION_PREFERS_STRING_CATALOGS = YES;
				MTL_ENABLE_DEBUG_INFO = INCLUDE_SOURCE;
				MTL_FAST_MATH = YES;
				ONLY_ACTIVE_ARCH = YES;
				SDKROOT = iphoneos;
				SWIFT_ACTIVE_COMPILATION_CONDITIONS = "DEBUG $(inherited)";
				SWIFT_OPTIMIZATION_LEVEL = "-Onone";
			};
			name = Debug;
		};
		EDBA47E32AED3D2D00B13FA2 /* Release */ = {
			isa = XCBuildConfiguration;
			buildSettings = {
				ALWAYS_SEARCH_USER_PATHS = NO;
				ASSETCATALOG_COMPILER_GENERATE_SWIFT_ASSET_SYMBOL_EXTENSIONS = YES;
				CLANG_ANALYZER_NONNULL = YES;
				CLANG_ANALYZER_NUMBER_OBJECT_CONVERSION = YES_AGGRESSIVE;
				CLANG_CXX_LANGUAGE_STANDARD = "gnu++20";
				CLANG_ENABLE_MODULES = YES;
				CLANG_ENABLE_OBJC_ARC = YES;
				CLANG_ENABLE_OBJC_WEAK = YES;
				CLANG_WARN_BLOCK_CAPTURE_AUTORELEASING = YES;
				CLANG_WARN_BOOL_CONVERSION = YES;
				CLANG_WARN_COMMA = YES;
				CLANG_WARN_CONSTANT_CONVERSION = YES;
				CLANG_WARN_DEPRECATED_OBJC_IMPLEMENTATIONS = YES;
				CLANG_WARN_DIRECT_OBJC_ISA_USAGE = YES_ERROR;
				CLANG_WARN_DOCUMENTATION_COMMENTS = YES;
				CLANG_WARN_EMPTY_BODY = YES;
				CLANG_WARN_ENUM_CONVERSION = YES;
				CLANG_WARN_INFINITE_RECURSION = YES;
				CLANG_WARN_INT_CONVERSION = YES;
				CLANG_WARN_NON_LITERAL_NULL_CONVERSION = YES;
				CLANG_WARN_OBJC_IMPLICIT_RETAIN_SELF = YES;
				CLANG_WARN_OBJC_LITERAL_CONVERSION = YES;
				CLANG_WARN_OBJC_ROOT_CLASS = YES_ERROR;
				CLANG_WARN_QUOTED_INCLUDE_IN_FRAMEWORK_HEADER = YES;
				CLANG_WARN_RANGE_LOOP_ANALYSIS = YES;
				CLANG_WARN_STRICT_PROTOTYPES = YES;
				CLANG_WARN_SUSPICIOUS_MOVE = YES;
				CLANG_WARN_UNGUARDED_AVAILABILITY = YES_AGGRESSIVE;
				CLANG_WARN_UNREACHABLE_CODE = YES;
				CLANG_WARN__DUPLICATE_METHOD_MATCH = YES;
				COPY_PHASE_STRIP = NO;
				DEBUG_INFORMATION_FORMAT = "dwarf-with-dsym";
				ENABLE_NS_ASSERTIONS = NO;
				ENABLE_STRICT_OBJC_MSGSEND = YES;
				ENABLE_USER_SCRIPT_SANDBOXING = YES;
				GCC_C_LANGUAGE_STANDARD = gnu17;
				GCC_NO_COMMON_BLOCKS = YES;
				GCC_WARN_64_TO_32_BIT_CONVERSION = YES;
				GCC_WARN_ABOUT_RETURN_TYPE = YES_ERROR;
				GCC_WARN_UNDECLARED_SELECTOR = YES;
				GCC_WARN_UNINITIALIZED_AUTOS = YES_AGGRESSIVE;
				GCC_WARN_UNUSED_FUNCTION = YES;
				GCC_WARN_UNUSED_VARIABLE = YES;
				IPHONEOS_DEPLOYMENT_TARGET = 17.0;
				LOCALIZATION_PREFERS_STRING_CATALOGS = YES;
				MTL_ENABLE_DEBUG_INFO = NO;
				MTL_FAST_MATH = YES;
				SDKROOT = iphoneos;
				SWIFT_COMPILATION_MODE = wholemodule;
				VALIDATE_PRODUCT = YES;
			};
			name = Release;
		};
		EDBA47E52AED3D2D00B13FA2 /* Debug */ = {
			isa = XCBuildConfiguration;
			buildSettings = {
				ASSETCATALOG_COMPILER_APPICON_NAME = AppIcon;
				ASSETCATALOG_COMPILER_GLOBAL_ACCENT_COLOR_NAME = AccentColor;
				CODE_SIGN_STYLE = Automatic;
				CURRENT_PROJECT_VERSION = 1;
				DEVELOPMENT_ASSET_PATHS = "\"BabyFoodCare/Preview Content\"";
				DEVELOPMENT_TEAM = WUPLHJKG9Y;
				ENABLE_PREVIEWS = YES;
				GENERATE_INFOPLIST_FILE = YES;
				INFOPLIST_KEY_UIApplicationSceneManifest_Generation = YES;
				INFOPLIST_KEY_UIApplicationSupportsIndirectInputEvents = YES;
				INFOPLIST_KEY_UILaunchScreen_Generation = YES;
				INFOPLIST_KEY_UISupportedInterfaceOrientations_iPad = "UIInterfaceOrientationPortrait UIInterfaceOrientationPortraitUpsideDown UIInterfaceOrientationLandscapeLeft UIInterfaceOrientationLandscapeRight";
				INFOPLIST_KEY_UISupportedInterfaceOrientations_iPhone = "UIInterfaceOrientationPortrait UIInterfaceOrientationLandscapeLeft UIInterfaceOrientationLandscapeRight";
				LD_RUNPATH_SEARCH_PATHS = (
					"$(inherited)",
					"@executable_path/Frameworks",
				);
				MARKETING_VERSION = 1.0;
				PRODUCT_BUNDLE_IDENTIFIER = ru.kirill.BabyFoodCare;
				PRODUCT_NAME = "$(TARGET_NAME)";
				SWIFT_EMIT_LOC_STRINGS = YES;
				SWIFT_VERSION = 5.0;
				TARGETED_DEVICE_FAMILY = "1,2";
			};
			name = Debug;
		};
		EDBA47E62AED3D2D00B13FA2 /* Release */ = {
			isa = XCBuildConfiguration;
			buildSettings = {
				ASSETCATALOG_COMPILER_APPICON_NAME = AppIcon;
				ASSETCATALOG_COMPILER_GLOBAL_ACCENT_COLOR_NAME = AccentColor;
				CODE_SIGN_STYLE = Automatic;
				CURRENT_PROJECT_VERSION = 1;
				DEVELOPMENT_ASSET_PATHS = "\"BabyFoodCare/Preview Content\"";
				DEVELOPMENT_TEAM = WUPLHJKG9Y;
				ENABLE_PREVIEWS = YES;
				GENERATE_INFOPLIST_FILE = YES;
				INFOPLIST_KEY_UIApplicationSceneManifest_Generation = YES;
				INFOPLIST_KEY_UIApplicationSupportsIndirectInputEvents = YES;
				INFOPLIST_KEY_UILaunchScreen_Generation = YES;
				INFOPLIST_KEY_UISupportedInterfaceOrientations_iPad = "UIInterfaceOrientationPortrait UIInterfaceOrientationPortraitUpsideDown UIInterfaceOrientationLandscapeLeft UIInterfaceOrientationLandscapeRight";
				INFOPLIST_KEY_UISupportedInterfaceOrientations_iPhone = "UIInterfaceOrientationPortrait UIInterfaceOrientationLandscapeLeft UIInterfaceOrientationLandscapeRight";
				LD_RUNPATH_SEARCH_PATHS = (
					"$(inherited)",
					"@executable_path/Frameworks",
				);
				MARKETING_VERSION = 1.0;
				PRODUCT_BUNDLE_IDENTIFIER = ru.kirill.BabyFoodCare;
				PRODUCT_NAME = "$(TARGET_NAME)";
				SWIFT_EMIT_LOC_STRINGS = YES;
				SWIFT_VERSION = 5.0;
				TARGETED_DEVICE_FAMILY = "1,2";
			};
			name = Release;
		};
		EDBA47E82AED3D2D00B13FA2 /* Debug */ = {
			isa = XCBuildConfiguration;
			buildSettings = {
				ALWAYS_EMBED_SWIFT_STANDARD_LIBRARIES = YES;
				BUNDLE_LOADER = "$(TEST_HOST)";
				CODE_SIGN_STYLE = Automatic;
				CURRENT_PROJECT_VERSION = 1;
				DEVELOPMENT_TEAM = WUPLHJKG9Y;
				GENERATE_INFOPLIST_FILE = YES;
				IPHONEOS_DEPLOYMENT_TARGET = 17.0;
				MARKETING_VERSION = 1.0;
				PRODUCT_BUNDLE_IDENTIFIER = ru.kirill.BabyFoodCareTests;
				PRODUCT_NAME = "$(TARGET_NAME)";
				SWIFT_EMIT_LOC_STRINGS = NO;
				SWIFT_VERSION = 5.0;
				TARGETED_DEVICE_FAMILY = "1,2";
				TEST_HOST = "$(BUILT_PRODUCTS_DIR)/BabyFoodCare.app/$(BUNDLE_EXECUTABLE_FOLDER_PATH)/BabyFoodCare";
			};
			name = Debug;
		};
		EDBA47E92AED3D2D00B13FA2 /* Release */ = {
			isa = XCBuildConfiguration;
			buildSettings = {
				ALWAYS_EMBED_SWIFT_STANDARD_LIBRARIES = YES;
				BUNDLE_LOADER = "$(TEST_HOST)";
				CODE_SIGN_STYLE = Automatic;
				CURRENT_PROJECT_VERSION = 1;
				DEVELOPMENT_TEAM = WUPLHJKG9Y;
				GENERATE_INFOPLIST_FILE = YES;
				IPHONEOS_DEPLOYMENT_TARGET = 17.0;
				MARKETING_VERSION = 1.0;
				PRODUCT_BUNDLE_IDENTIFIER = ru.kirill.BabyFoodCareTests;
				PRODUCT_NAME = "$(TARGET_NAME)";
				SWIFT_EMIT_LOC_STRINGS = NO;
				SWIFT_VERSION = 5.0;
				TARGETED_DEVICE_FAMILY = "1,2";
				TEST_HOST = "$(BUILT_PRODUCTS_DIR)/BabyFoodCare.app/$(BUNDLE_EXECUTABLE_FOLDER_PATH)/BabyFoodCare";
			};
			name = Release;
		};
		EDBA47EB2AED3D2D00B13FA2 /* Debug */ = {
			isa = XCBuildConfiguration;
			buildSettings = {
				ALWAYS_EMBED_SWIFT_STANDARD_LIBRARIES = YES;
				CODE_SIGN_STYLE = Automatic;
				CURRENT_PROJECT_VERSION = 1;
				DEVELOPMENT_TEAM = WUPLHJKG9Y;
				GENERATE_INFOPLIST_FILE = YES;
				MARKETING_VERSION = 1.0;
				PRODUCT_BUNDLE_IDENTIFIER = ru.kirill.BabyFoodCareUITests;
				PRODUCT_NAME = "$(TARGET_NAME)";
				SWIFT_EMIT_LOC_STRINGS = NO;
				SWIFT_VERSION = 5.0;
				TARGETED_DEVICE_FAMILY = "1,2";
				TEST_TARGET_NAME = BabyFoodCare;
			};
			name = Debug;
		};
		EDBA47EC2AED3D2D00B13FA2 /* Release */ = {
			isa = XCBuildConfiguration;
			buildSettings = {
				ALWAYS_EMBED_SWIFT_STANDARD_LIBRARIES = YES;
				CODE_SIGN_STYLE = Automatic;
				CURRENT_PROJECT_VERSION = 1;
				DEVELOPMENT_TEAM = WUPLHJKG9Y;
				GENERATE_INFOPLIST_FILE = YES;
				MARKETING_VERSION = 1.0;
				PRODUCT_BUNDLE_IDENTIFIER = ru.kirill.BabyFoodCareUITests;
				PRODUCT_NAME = "$(TARGET_NAME)";
				SWIFT_EMIT_LOC_STRINGS = NO;
				SWIFT_VERSION = 5.0;
				TARGETED_DEVICE_FAMILY = "1,2";
				TEST_TARGET_NAME = BabyFoodCare;
			};
			name = Release;
		};
/* End XCBuildConfiguration section */

/* Begin XCConfigurationList section */
		EDBA47BB2AED3D2A00B13FA2 /* Build configuration list for PBXProject "BabyFoodCare" */ = {
			isa = XCConfigurationList;
			buildConfigurations = (
				EDBA47E22AED3D2D00B13FA2 /* Debug */,
				EDBA47E32AED3D2D00B13FA2 /* Release */,
			);
			defaultConfigurationIsVisible = 0;
			defaultConfigurationName = Release;
		};
		EDBA47E42AED3D2D00B13FA2 /* Build configuration list for PBXNativeTarget "BabyFoodCare" */ = {
			isa = XCConfigurationList;
			buildConfigurations = (
				EDBA47E52AED3D2D00B13FA2 /* Debug */,
				EDBA47E62AED3D2D00B13FA2 /* Release */,
			);
			defaultConfigurationIsVisible = 0;
			defaultConfigurationName = Release;
		};
		EDBA47E72AED3D2D00B13FA2 /* Build configuration list for PBXNativeTarget "BabyFoodCareTests" */ = {
			isa = XCConfigurationList;
			buildConfigurations = (
				EDBA47E82AED3D2D00B13FA2 /* Debug */,
				EDBA47E92AED3D2D00B13FA2 /* Release */,
			);
			defaultConfigurationIsVisible = 0;
			defaultConfigurationName = Release;
		};
		EDBA47EA2AED3D2D00B13FA2 /* Build configuration list for PBXNativeTarget "BabyFoodCareUITests" */ = {
			isa = XCConfigurationList;
			buildConfigurations = (
				EDBA47EB2AED3D2D00B13FA2 /* Debug */,
				EDBA47EC2AED3D2D00B13FA2 /* Release */,
			);
			defaultConfigurationIsVisible = 0;
			defaultConfigurationName = Release;
		};
/* End XCConfigurationList section */
	};
	rootObject = EDBA47B82AED3D2A00B13FA2 /* Project object */;
}
